
Microsoft Visual Studio Solution File, Format Version 12.00
# Visual Studio 2013
VisualStudioVersion = 12.0.21005.1
MinimumVisualStudioVersion = 10.0.40219.1
Project("{FAE04EC0-301F-11D3-BF4B-00C04F79EFBC}") = "CosmosKernel1", "CosmosKernel1\CosmosKernel1.csproj", "{E2069979-4D28-4D32-BB2B-BD6FB691F5BA}"
EndProject
Project("{471EC4BB-E47E-4229-A789-D1F5F83B52D4}") = "CosmosKernel1Boot", "CosmosKernel1\CosmosKernel1Boot.Cosmos", "{D35745A5-E26B-43CB-8D0F-20E49EDF6B7F}"
EndProject
Global
	GlobalSection(SolutionConfigurationPlatforms) = preSolution
		Debug|Any CPU = Debug|Any CPU
		Debug|x86 = Debug|x86
		Release|Any CPU = Release|Any CPU
		Release|x86 = Release|x86
	EndGlobalSection
	GlobalSection(ProjectConfigurationPlatforms) = postSolution
		{E2069979-4D28-4D32-BB2B-BD6FB691F5BA}.Debug|Any CPU.ActiveCfg = Debug|Any CPU
		{E2069979-4D28-4D32-BB2B-BD6FB691F5BA}.Debug|Any CPU.Build.0 = Debug|Any CPU
		{E2069979-4D28-4D32-BB2B-BD6FB691F5BA}.Debug|x86.ActiveCfg = Debug|Any CPU
		{E2069979-4D28-4D32-BB2B-BD6FB691F5BA}.Debug|x86.Build.0 = Debug|Any CPU
		{E2069979-4D28-4D32-BB2B-BD6FB691F5BA}.Release|Any CPU.ActiveCfg = Release|Any CPU
		{E2069979-4D28-4D32-BB2B-BD6FB691F5BA}.Release|Any CPU.Build.0 = Release|Any CPU
		{E2069979-4D28-4D32-BB2B-BD6FB691F5BA}.Release|x86.ActiveCfg = Release|Any CPU
		{E2069979-4D28-4D32-BB2B-BD6FB691F5BA}.Release|x86.Build.0 = Release|Any CPU
		{D35745A5-E26B-43CB-8D0F-20E49EDF6B7F}.Debug|Any CPU.ActiveCfg = Debug|x86
		{D35745A5-E26B-43CB-8D0F-20E49EDF6B7F}.Debug|Any CPU.Build.0 = Debug|x86
		{D35745A5-E26B-43CB-8D0F-20E49EDF6B7F}.Debug|x86.ActiveCfg = Debug|x86
		{D35745A5-E26B-43CB-8D0F-20E49EDF6B7F}.Debug|x86.Build.0 = Debug|x86
		{D35745A5-E26B-43CB-8D0F-20E49EDF6B7F}.Release|Any CPU.ActiveCfg = Debug|x86
		{D35745A5-E26B-43CB-8D0F-20E49EDF6B7F}.Release|Any CPU.Build.0 = Debug|x86
		{D35745A5-E26B-43CB-8D0F-20E49EDF6B7F}.Release|x86.ActiveCfg = Debug|x86
		{D35745A5-E26B-43CB-8D0F-20E49EDF6B7F}.Release|x86.Build.0 = Debug|x86
	EndGlobalSection
	GlobalSection(SolutionProperties) = preSolution
		HideSolutionNode = FALSE
	EndGlobalSection
EndGlobal
